// !$*UTF8*$!
{
	archiveVersion = 1;
	classes = {
	};
	objectVersion = 48;
	objects = {

/* Begin PBXBuildFile section */
		280D6841203DC729000C1CCB /* WelcomeScreenPresenter.swift in Sources */ = {isa = PBXBuildFile; fileRef = 280D6840203DC729000C1CCB /* WelcomeScreenPresenter.swift */; };
		280D6843203DC73B000C1CCB /* WelcomeScreenRouter.swift in Sources */ = {isa = PBXBuildFile; fileRef = 280D6842203DC73B000C1CCB /* WelcomeScreenRouter.swift */; };
		280D6845203DC784000C1CCB /* WelcomeScreenRouterImplementation.swift in Sources */ = {isa = PBXBuildFile; fileRef = 280D6844203DC784000C1CCB /* WelcomeScreenRouterImplementation.swift */; };
		280D6847203DC7E1000C1CCB /* WelcomeScreenPresenterImplementation.swift in Sources */ = {isa = PBXBuildFile; fileRef = 280D6846203DC7E1000C1CCB /* WelcomeScreenPresenterImplementation.swift */; };
		280D684C203DCC34000C1CCB /* LoginScreenInteractor.swift in Sources */ = {isa = PBXBuildFile; fileRef = 280D684B203DCC34000C1CCB /* LoginScreenInteractor.swift */; };
		280D684E203DCC4A000C1CCB /* LoginScreenInteractorImplementation.swift in Sources */ = {isa = PBXBuildFile; fileRef = 280D684D203DCC4A000C1CCB /* LoginScreenInteractorImplementation.swift */; };
		280D6850203DCC5E000C1CCB /* LoginScreenPresenter.swift in Sources */ = {isa = PBXBuildFile; fileRef = 280D684F203DCC5E000C1CCB /* LoginScreenPresenter.swift */; };
		280D6852203DCC70000C1CCB /* LoginScreenPresenterImplementation.swift in Sources */ = {isa = PBXBuildFile; fileRef = 280D6851203DCC70000C1CCB /* LoginScreenPresenterImplementation.swift */; };
		280D6854203DCC88000C1CCB /* LoginScreenRouter.swift in Sources */ = {isa = PBXBuildFile; fileRef = 280D6853203DCC88000C1CCB /* LoginScreenRouter.swift */; };
		280D6856203DCC99000C1CCB /* LoginScreenRouterImplementation.swift in Sources */ = {isa = PBXBuildFile; fileRef = 280D6855203DCC99000C1CCB /* LoginScreenRouterImplementation.swift */; };
		280D6859203DEDE8000C1CCB /* NavigationHandler.swift in Sources */ = {isa = PBXBuildFile; fileRef = 280D6858203DEDE8000C1CCB /* NavigationHandler.swift */; };
		280D685C203DFAD0000C1CCB /* WelcomeScreenAssembly.swift in Sources */ = {isa = PBXBuildFile; fileRef = 280D685B203DFAD0000C1CCB /* WelcomeScreenAssembly.swift */; };
		280D685E203DFC55000C1CCB /* WelcomeScreenViewProtocol.swift in Sources */ = {isa = PBXBuildFile; fileRef = 280D685D203DFC55000C1CCB /* WelcomeScreenViewProtocol.swift */; };
		280D6861203E0184000C1CCB /* LoginScreenAssembly.swift in Sources */ = {isa = PBXBuildFile; fileRef = 280D6860203E0184000C1CCB /* LoginScreenAssembly.swift */; };
		280D6865203E04D2000C1CCB /* LoginScreenViewProtocol.swift in Sources */ = {isa = PBXBuildFile; fileRef = 280D6864203E04D2000C1CCB /* LoginScreenViewProtocol.swift */; };
		280D6867203E08B1000C1CCB /* ServiceAssembly.swift in Sources */ = {isa = PBXBuildFile; fileRef = 280D6866203E08B1000C1CCB /* ServiceAssembly.swift */; };
		281262B0203C8D0500019EF9 /* WelcomeScreen.storyboard in Resources */ = {isa = PBXBuildFile; fileRef = 281262AF203C8D0500019EF9 /* WelcomeScreen.storyboard */; };
		281262B2203C8D3200019EF9 /* LoginScreen.storyboard in Resources */ = {isa = PBXBuildFile; fileRef = 281262B1203C8D3200019EF9 /* LoginScreen.storyboard */; };
		281262B9203C8DD800019EF9 /* RegistrationScreen.storyboard in Resources */ = {isa = PBXBuildFile; fileRef = 281262B8203C8DD800019EF9 /* RegistrationScreen.storyboard */; };
		281262BB203C904E00019EF9 /* SwinjectStoryboard_Setup.swift in Sources */ = {isa = PBXBuildFile; fileRef = 281262BA203C904E00019EF9 /* SwinjectStoryboard_Setup.swift */; };
		281262BD203C912700019EF9 /* Storyboard.swift in Sources */ = {isa = PBXBuildFile; fileRef = 281262BC203C912700019EF9 /* Storyboard.swift */; };
		281262C0203C939200019EF9 /* InfoRegistrationViewController.swift in Sources */ = {isa = PBXBuildFile; fileRef = 281262BF203C939200019EF9 /* InfoRegistrationViewController.swift */; };
		281262C3203C94A200019EF9 /* UserCredentialsViewController.swift in Sources */ = {isa = PBXBuildFile; fileRef = 281262C2203C94A200019EF9 /* UserCredentialsViewController.swift */; };
		281262C6203C957C00019EF9 /* CountryCredentialsViewController.swift in Sources */ = {isa = PBXBuildFile; fileRef = 281262C5203C957C00019EF9 /* CountryCredentialsViewController.swift */; };
		281262CA203C96BD00019EF9 /* SuccessViewController.swift in Sources */ = {isa = PBXBuildFile; fileRef = 281262C9203C96BD00019EF9 /* SuccessViewController.swift */; };
		281262CE203C98EE00019EF9 /* SuccessScreen.storyboard in Resources */ = {isa = PBXBuildFile; fileRef = 281262CD203C98EE00019EF9 /* SuccessScreen.storyboard */; };
		2838547C203C47DE00050A36 /* Defines.swift in Sources */ = {isa = PBXBuildFile; fileRef = 2838547B203C47DE00050A36 /* Defines.swift */; };
		28B6A2BF203B3CF7004900E9 /* LoginView.swift in Sources */ = {isa = PBXBuildFile; fileRef = 28B6A2BE203B3CF7004900E9 /* LoginView.swift */; };
		28B6A2C8203B4897004900E9 /* API.swift in Sources */ = {isa = PBXBuildFile; fileRef = 28B6A2C7203B4897004900E9 /* API.swift */; };
		28B6A2CB203B5022004900E9 /* User.swift in Sources */ = {isa = PBXBuildFile; fileRef = 28B6A2CA203B5022004900E9 /* User.swift */; };
		28C6E86C20337F0600D762CB /* AppDelegate.swift in Sources */ = {isa = PBXBuildFile; fileRef = 28C6E86B20337F0600D762CB /* AppDelegate.swift */; };
		28C6E86E20337F0600D762CB /* ViewController.swift in Sources */ = {isa = PBXBuildFile; fileRef = 28C6E86D20337F0600D762CB /* ViewController.swift */; };
		28C6E87620337F0600D762CB /* Assets.xcassets in Resources */ = {isa = PBXBuildFile; fileRef = 28C6E87520337F0600D762CB /* Assets.xcassets */; };
		28C6E87920337F0600D762CB /* LaunchScreen.storyboard in Resources */ = {isa = PBXBuildFile; fileRef = 28C6E87720337F0600D762CB /* LaunchScreen.storyboard */; };
		28D701C6203CA26A00251408 /* Router.swift in Sources */ = {isa = PBXBuildFile; fileRef = 28D701C5203CA26A00251408 /* Router.swift */; };
		28D701CC203CA7A800251408 /* LoginService.swift in Sources */ = {isa = PBXBuildFile; fileRef = 28D701CB203CA7A800251408 /* LoginService.swift */; };
		28D701CE203CA7B600251408 /* LoginServiceImplementation.swift in Sources */ = {isa = PBXBuildFile; fileRef = 28D701CD203CA7B600251408 /* LoginServiceImplementation.swift */; };
		28D701D0203CA7D000251408 /* RegistrationService.swift in Sources */ = {isa = PBXBuildFile; fileRef = 28D701CF203CA7D000251408 /* RegistrationService.swift */; };
		28D701D2203CA7DF00251408 /* RegistrationServiceImplementation.swift in Sources */ = {isa = PBXBuildFile; fileRef = 28D701D1203CA7DF00251408 /* RegistrationServiceImplementation.swift */; };
		28D701D4203CAAAD00251408 /* ErrorHandling.swift in Sources */ = {isa = PBXBuildFile; fileRef = 28D701D3203CAAAD00251408 /* ErrorHandling.swift */; };
		28D701D6203CB88400251408 /* NetworkRequest.swift in Sources */ = {isa = PBXBuildFile; fileRef = 28D701D5203CB88400251408 /* NetworkRequest.swift */; };
		28D701D8203CB89400251408 /* NetworkRequestImplementation.swift in Sources */ = {isa = PBXBuildFile; fileRef = 28D701D7203CB89400251408 /* NetworkRequestImplementation.swift */; };
		B918400FA577BEE525C53375 /* Pods_SignUpExample.framework in Frameworks */ = {isa = PBXBuildFile; fileRef = F473E292F665EAFA4FC730C6 /* Pods_SignUpExample.framework */; };
/* End PBXBuildFile section */

/* Begin PBXFileReference section */
		280D6840203DC729000C1CCB /* WelcomeScreenPresenter.swift */ = {isa = PBXFileReference; lastKnownFileType = sourcecode.swift; path = WelcomeScreenPresenter.swift; sourceTree = "<group>"; };
		280D6842203DC73B000C1CCB /* WelcomeScreenRouter.swift */ = {isa = PBXFileReference; lastKnownFileType = sourcecode.swift; path = WelcomeScreenRouter.swift; sourceTree = "<group>"; };
		280D6844203DC784000C1CCB /* WelcomeScreenRouterImplementation.swift */ = {isa = PBXFileReference; lastKnownFileType = sourcecode.swift; path = WelcomeScreenRouterImplementation.swift; sourceTree = "<group>"; };
		280D6846203DC7E1000C1CCB /* WelcomeScreenPresenterImplementation.swift */ = {isa = PBXFileReference; lastKnownFileType = sourcecode.swift; path = WelcomeScreenPresenterImplementation.swift; sourceTree = "<group>"; };
		280D684B203DCC34000C1CCB /* LoginScreenInteractor.swift */ = {isa = PBXFileReference; lastKnownFileType = sourcecode.swift; path = LoginScreenInteractor.swift; sourceTree = "<group>"; };
		280D684D203DCC4A000C1CCB /* LoginScreenInteractorImplementation.swift */ = {isa = PBXFileReference; lastKnownFileType = sourcecode.swift; path = LoginScreenInteractorImplementation.swift; sourceTree = "<group>"; };
		280D684F203DCC5E000C1CCB /* LoginScreenPresenter.swift */ = {isa = PBXFileReference; lastKnownFileType = sourcecode.swift; path = LoginScreenPresenter.swift; sourceTree = "<group>"; };
		280D6851203DCC70000C1CCB /* LoginScreenPresenterImplementation.swift */ = {isa = PBXFileReference; lastKnownFileType = sourcecode.swift; path = LoginScreenPresenterImplementation.swift; sourceTree = "<group>"; };
		280D6853203DCC88000C1CCB /* LoginScreenRouter.swift */ = {isa = PBXFileReference; lastKnownFileType = sourcecode.swift; path = LoginScreenRouter.swift; sourceTree = "<group>"; };
		280D6855203DCC99000C1CCB /* LoginScreenRouterImplementation.swift */ = {isa = PBXFileReference; lastKnownFileType = sourcecode.swift; path = LoginScreenRouterImplementation.swift; sourceTree = "<group>"; };
		280D6858203DEDE8000C1CCB /* NavigationHandler.swift */ = {isa = PBXFileReference; lastKnownFileType = sourcecode.swift; path = NavigationHandler.swift; sourceTree = "<group>"; };
		280D685B203DFAD0000C1CCB /* WelcomeScreenAssembly.swift */ = {isa = PBXFileReference; lastKnownFileType = sourcecode.swift; path = WelcomeScreenAssembly.swift; sourceTree = "<group>"; };
		280D685D203DFC55000C1CCB /* WelcomeScreenViewProtocol.swift */ = {isa = PBXFileReference; lastKnownFileType = sourcecode.swift; path = WelcomeScreenViewProtocol.swift; sourceTree = "<group>"; };
		280D6860203E0184000C1CCB /* LoginScreenAssembly.swift */ = {isa = PBXFileReference; lastKnownFileType = sourcecode.swift; path = LoginScreenAssembly.swift; sourceTree = "<group>"; };
		280D6864203E04D2000C1CCB /* LoginScreenViewProtocol.swift */ = {isa = PBXFileReference; lastKnownFileType = sourcecode.swift; path = LoginScreenViewProtocol.swift; sourceTree = "<group>"; };
		280D6866203E08B1000C1CCB /* ServiceAssembly.swift */ = {isa = PBXFileReference; lastKnownFileType = sourcecode.swift; path = ServiceAssembly.swift; sourceTree = "<group>"; };
		281262AF203C8D0500019EF9 /* WelcomeScreen.storyboard */ = {isa = PBXFileReference; lastKnownFileType = file.storyboard; path = WelcomeScreen.storyboard; sourceTree = "<group>"; };
		281262B1203C8D3200019EF9 /* LoginScreen.storyboard */ = {isa = PBXFileReference; lastKnownFileType = file.storyboard; path = LoginScreen.storyboard; sourceTree = "<group>"; };
		281262B8203C8DD800019EF9 /* RegistrationScreen.storyboard */ = {isa = PBXFileReference; lastKnownFileType = file.storyboard; path = RegistrationScreen.storyboard; sourceTree = "<group>"; };
		281262BA203C904E00019EF9 /* SwinjectStoryboard_Setup.swift */ = {isa = PBXFileReference; lastKnownFileType = sourcecode.swift; path = SwinjectStoryboard_Setup.swift; sourceTree = "<group>"; };
		281262BC203C912700019EF9 /* Storyboard.swift */ = {isa = PBXFileReference; lastKnownFileType = sourcecode.swift; path = Storyboard.swift; sourceTree = "<group>"; };
		281262BF203C939200019EF9 /* InfoRegistrationViewController.swift */ = {isa = PBXFileReference; lastKnownFileType = sourcecode.swift; path = InfoRegistrationViewController.swift; sourceTree = "<group>"; };
		281262C2203C94A200019EF9 /* UserCredentialsViewController.swift */ = {isa = PBXFileReference; lastKnownFileType = sourcecode.swift; path = UserCredentialsViewController.swift; sourceTree = "<group>"; };
		281262C5203C957C00019EF9 /* CountryCredentialsViewController.swift */ = {isa = PBXFileReference; lastKnownFileType = sourcecode.swift; path = CountryCredentialsViewController.swift; sourceTree = "<group>"; };
		281262C9203C96BD00019EF9 /* SuccessViewController.swift */ = {isa = PBXFileReference; lastKnownFileType = sourcecode.swift; path = SuccessViewController.swift; sourceTree = "<group>"; };
		281262CD203C98EE00019EF9 /* SuccessScreen.storyboard */ = {isa = PBXFileReference; lastKnownFileType = file.storyboard; path = SuccessScreen.storyboard; sourceTree = "<group>"; };
		2838547B203C47DE00050A36 /* Defines.swift */ = {isa = PBXFileReference; lastKnownFileType = sourcecode.swift; path = Defines.swift; sourceTree = "<group>"; };
		28B6A2BE203B3CF7004900E9 /* LoginView.swift */ = {isa = PBXFileReference; lastKnownFileType = sourcecode.swift; path = LoginView.swift; sourceTree = "<group>"; };
		28B6A2C7203B4897004900E9 /* API.swift */ = {isa = PBXFileReference; lastKnownFileType = sourcecode.swift; path = API.swift; sourceTree = "<group>"; };
		28B6A2CA203B5022004900E9 /* User.swift */ = {isa = PBXFileReference; lastKnownFileType = sourcecode.swift; path = User.swift; sourceTree = "<group>"; };
		28C6E86820337F0600D762CB /* SignUpExample.app */ = {isa = PBXFileReference; explicitFileType = wrapper.application; includeInIndex = 0; path = SignUpExample.app; sourceTree = BUILT_PRODUCTS_DIR; };
		28C6E86B20337F0600D762CB /* AppDelegate.swift */ = {isa = PBXFileReference; lastKnownFileType = sourcecode.swift; path = AppDelegate.swift; sourceTree = "<group>"; };
		28C6E86D20337F0600D762CB /* ViewController.swift */ = {isa = PBXFileReference; lastKnownFileType = sourcecode.swift; path = ViewController.swift; sourceTree = "<group>"; };
		28C6E87520337F0600D762CB /* Assets.xcassets */ = {isa = PBXFileReference; lastKnownFileType = folder.assetcatalog; path = Assets.xcassets; sourceTree = "<group>"; };
		28C6E87820337F0600D762CB /* Base */ = {isa = PBXFileReference; lastKnownFileType = file.storyboard; name = Base; path = Base.lproj/LaunchScreen.storyboard; sourceTree = "<group>"; };
		28C6E87A20337F0600D762CB /* Info.plist */ = {isa = PBXFileReference; lastKnownFileType = text.plist.xml; path = Info.plist; sourceTree = "<group>"; };
		28D701C5203CA26A00251408 /* Router.swift */ = {isa = PBXFileReference; lastKnownFileType = sourcecode.swift; path = Router.swift; sourceTree = "<group>"; };
		28D701CB203CA7A800251408 /* LoginService.swift */ = {isa = PBXFileReference; lastKnownFileType = sourcecode.swift; path = LoginService.swift; sourceTree = "<group>"; };
		28D701CD203CA7B600251408 /* LoginServiceImplementation.swift */ = {isa = PBXFileReference; lastKnownFileType = sourcecode.swift; path = LoginServiceImplementation.swift; sourceTree = "<group>"; };
		28D701CF203CA7D000251408 /* RegistrationService.swift */ = {isa = PBXFileReference; lastKnownFileType = sourcecode.swift; path = RegistrationService.swift; sourceTree = "<group>"; };
		28D701D1203CA7DF00251408 /* RegistrationServiceImplementation.swift */ = {isa = PBXFileReference; lastKnownFileType = sourcecode.swift; path = RegistrationServiceImplementation.swift; sourceTree = "<group>"; };
		28D701D3203CAAAD00251408 /* ErrorHandling.swift */ = {isa = PBXFileReference; lastKnownFileType = sourcecode.swift; path = ErrorHandling.swift; sourceTree = "<group>"; };
		28D701D5203CB88400251408 /* NetworkRequest.swift */ = {isa = PBXFileReference; lastKnownFileType = sourcecode.swift; path = NetworkRequest.swift; sourceTree = "<group>"; };
		28D701D7203CB89400251408 /* NetworkRequestImplementation.swift */ = {isa = PBXFileReference; lastKnownFileType = sourcecode.swift; path = NetworkRequestImplementation.swift; sourceTree = "<group>"; };
		2975620CAC8F2633A8C0BBCA /* Pods-SignUpExample.debug.xcconfig */ = {isa = PBXFileReference; includeInIndex = 1; lastKnownFileType = text.xcconfig; name = "Pods-SignUpExample.debug.xcconfig"; path = "Pods/Target Support Files/Pods-SignUpExample/Pods-SignUpExample.debug.xcconfig"; sourceTree = "<group>"; };
		C9E5D4ADD2DEB982D0EE252D /* Pods-SignUpExample.release.xcconfig */ = {isa = PBXFileReference; includeInIndex = 1; lastKnownFileType = text.xcconfig; name = "Pods-SignUpExample.release.xcconfig"; path = "Pods/Target Support Files/Pods-SignUpExample/Pods-SignUpExample.release.xcconfig"; sourceTree = "<group>"; };
		F473E292F665EAFA4FC730C6 /* Pods_SignUpExample.framework */ = {isa = PBXFileReference; explicitFileType = wrapper.framework; includeInIndex = 0; path = Pods_SignUpExample.framework; sourceTree = BUILT_PRODUCTS_DIR; };
/* End PBXFileReference section */

/* Begin PBXFrameworksBuildPhase section */
		28C6E86520337F0600D762CB /* Frameworks */ = {
			isa = PBXFrameworksBuildPhase;
			buildActionMask = 2147483647;
			files = (
				B918400FA577BEE525C53375 /* Pods_SignUpExample.framework in Frameworks */,
			);
			runOnlyForDeploymentPostprocessing = 0;
		};
/* End PBXFrameworksBuildPhase section */

/* Begin PBXGroup section */
		280D683E203DC702000C1CCB /* Presenter */ = {
			isa = PBXGroup;
			children = (
				280D6840203DC729000C1CCB /* WelcomeScreenPresenter.swift */,
				280D6846203DC7E1000C1CCB /* WelcomeScreenPresenterImplementation.swift */,
			);
			path = Presenter;
			sourceTree = "<group>";
		};
		280D683F203DC70F000C1CCB /* Router */ = {
			isa = PBXGroup;
			children = (
				280D6842203DC73B000C1CCB /* WelcomeScreenRouter.swift */,
				280D6844203DC784000C1CCB /* WelcomeScreenRouterImplementation.swift */,
			);
			path = Router;
			sourceTree = "<group>";
		};
		280D6848203DCBED000C1CCB /* Router */ = {
			isa = PBXGroup;
			children = (
				280D6853203DCC88000C1CCB /* LoginScreenRouter.swift */,
				280D6855203DCC99000C1CCB /* LoginScreenRouterImplementation.swift */,
			);
			path = Router;
			sourceTree = "<group>";
		};
		280D6849203DCBF8000C1CCB /* Presenter */ = {
			isa = PBXGroup;
			children = (
				280D684F203DCC5E000C1CCB /* LoginScreenPresenter.swift */,
				280D6851203DCC70000C1CCB /* LoginScreenPresenterImplementation.swift */,
			);
			path = Presenter;
			sourceTree = "<group>";
		};
		280D684A203DCC04000C1CCB /* Interactor */ = {
			isa = PBXGroup;
			children = (
				280D684B203DCC34000C1CCB /* LoginScreenInteractor.swift */,
				280D684D203DCC4A000C1CCB /* LoginScreenInteractorImplementation.swift */,
			);
			path = Interactor;
			sourceTree = "<group>";
		};
		280D6857203DEDD1000C1CCB /* NavigationHandler */ = {
			isa = PBXGroup;
			children = (
				280D6858203DEDE8000C1CCB /* NavigationHandler.swift */,
			);
			path = NavigationHandler;
			sourceTree = "<group>";
		};
		280D685A203DFABB000C1CCB /* Assembly */ = {
			isa = PBXGroup;
			children = (
				280D685B203DFAD0000C1CCB /* WelcomeScreenAssembly.swift */,
			);
			path = Assembly;
			sourceTree = "<group>";
		};
		280D685F203E0163000C1CCB /* Assembly */ = {
			isa = PBXGroup;
			children = (
				280D6860203E0184000C1CCB /* LoginScreenAssembly.swift */,
			);
			path = Assembly;
			sourceTree = "<group>";
		};
		281262B4203C8D9900019EF9 /* RegistrationScreens */ = {
			isa = PBXGroup;
			children = (
				2892936C203EFBB30089F1D1 /* Interactors */,
				2892935C203EFA300089F1D1 /* Presenters */,
				2892934C203EF9040089F1D1 /* Routers */,
				2892933F203EF8290089F1D1 /* Assemblies */,
				281262B5203C8DA500019EF9 /* View */,
			);
			path = RegistrationScreens;
			sourceTree = "<group>";
		};
		281262B5203C8DA500019EF9 /* View */ = {
			isa = PBXGroup;
			children = (
				281262C4203C954D00019EF9 /* CountryCredentials */,
				281262C1203C948D00019EF9 /* UserCredentials */,
				281262BE203C937B00019EF9 /* InfoRegistration */,
				281262B8203C8DD800019EF9 /* RegistrationScreen.storyboard */,
			);
			path = View;
			sourceTree = "<group>";
		};
		281262BE203C937B00019EF9 /* InfoRegistration */ = {
			isa = PBXGroup;
			children = (
				281262BF203C939200019EF9 /* InfoRegistrationViewController.swift */,
			);
			path = InfoRegistration;
			sourceTree = "<group>";
		};
		281262C1203C948D00019EF9 /* UserCredentials */ = {
			isa = PBXGroup;
			children = (
				281262C2203C94A200019EF9 /* UserCredentialsViewController.swift */,
			);
			path = UserCredentials;
			sourceTree = "<group>";
		};
		281262C4203C954D00019EF9 /* CountryCredentials */ = {
			isa = PBXGroup;
			children = (
				281262C5203C957C00019EF9 /* CountryCredentialsViewController.swift */,
			);
			path = CountryCredentials;
			sourceTree = "<group>";
		};
		281262C7203C968300019EF9 /* SuccessScreen */ = {
			isa = PBXGroup;
			children = (
				281262C8203C96A100019EF9 /* View */,
			);
			path = SuccessScreen;
			sourceTree = "<group>";
		};
		281262C8203C96A100019EF9 /* View */ = {
			isa = PBXGroup;
			children = (
				281262C9203C96BD00019EF9 /* SuccessViewController.swift */,
				281262CD203C98EE00019EF9 /* SuccessScreen.storyboard */,
			);
			path = View;
			sourceTree = "<group>";
		};
		28B6A2BC203B3C8B004900E9 /* LoginScreen */ = {
			isa = PBXGroup;
			children = (
				280D685F203E0163000C1CCB /* Assembly */,
				280D684A203DCC04000C1CCB /* Interactor */,
				280D6849203DCBF8000C1CCB /* Presenter */,
				280D6848203DCBED000C1CCB /* Router */,
				28B6A2BD203B3CD4004900E9 /* View */,
			);
			path = LoginScreen;
			sourceTree = "<group>";
		};
		28B6A2BD203B3CD4004900E9 /* View */ = {
			isa = PBXGroup;
			children = (
				28B6A2BE203B3CF7004900E9 /* LoginView.swift */,
				281262B1203C8D3200019EF9 /* LoginScreen.storyboard */,
				280D6864203E04D2000C1CCB /* LoginScreenViewProtocol.swift */,
			);
			path = View;
			sourceTree = "<group>";
		};
		28B6A2C6203B487B004900E9 /* Configuration */ = {
			isa = PBXGroup;
			children = (
				28B6A2C7203B4897004900E9 /* API.swift */,
				2838547B203C47DE00050A36 /* Defines.swift */,
			);
			path = Configuration;
			sourceTree = "<group>";
		};
		28B6A2C9203B5017004900E9 /* Models */ = {
			isa = PBXGroup;
			children = (
				28B6A2CA203B5022004900E9 /* User.swift */,
			);
			path = Models;
			sourceTree = "<group>";
		};
		28C6E85F20337F0600D762CB = {
			isa = PBXGroup;
			children = (
				28C6E86A20337F0600D762CB /* SignUpExample */,
				28C6E86920337F0600D762CB /* Products */,
				36816F4C2779677F5C278A35 /* Pods */,
				FEABED84D5AF0CE354A738FF /* Frameworks */,
			);
			sourceTree = "<group>";
		};
		28C6E86920337F0600D762CB /* Products */ = {
			isa = PBXGroup;
			children = (
				28C6E86820337F0600D762CB /* SignUpExample.app */,
			);
			name = Products;
			sourceTree = "<group>";
		};
		28C6E86A20337F0600D762CB /* SignUpExample */ = {
			isa = PBXGroup;
			children = (
				280D6857203DEDD1000C1CCB /* NavigationHandler */,
				28D701C3203CA24700251408 /* Networking */,
				28B6A2C9203B5017004900E9 /* Models */,
				28B6A2C6203B487B004900E9 /* Configuration */,
				281262C7203C968300019EF9 /* SuccessScreen */,
				281262B4203C8D9900019EF9 /* RegistrationScreens */,
				28B6A2BC203B3C8B004900E9 /* LoginScreen */,
				28C6E8802033951900D762CB /* WelcomeScreen */,
				28C6E86B20337F0600D762CB /* AppDelegate.swift */,
				28C6E87520337F0600D762CB /* Assets.xcassets */,
				28C6E87720337F0600D762CB /* LaunchScreen.storyboard */,
				28C6E87A20337F0600D762CB /* Info.plist */,
				281262BA203C904E00019EF9 /* SwinjectStoryboard_Setup.swift */,
				281262BC203C912700019EF9 /* Storyboard.swift */,
			);
			path = SignUpExample;
			sourceTree = "<group>";
		};
		28C6E8802033951900D762CB /* WelcomeScreen */ = {
			isa = PBXGroup;
			children = (
				280D685A203DFABB000C1CCB /* Assembly */,
				280D683F203DC70F000C1CCB /* Router */,
				280D683E203DC702000C1CCB /* Presenter */,
				28C6E88120339A9200D762CB /* View */,
			);
			path = WelcomeScreen;
			sourceTree = "<group>";
		};
		28C6E88120339A9200D762CB /* View */ = {
			isa = PBXGroup;
			children = (
				28C6E86D20337F0600D762CB /* ViewController.swift */,
				280D685D203DFC55000C1CCB /* WelcomeScreenViewProtocol.swift */,
				281262AF203C8D0500019EF9 /* WelcomeScreen.storyboard */,
			);
			path = View;
			sourceTree = "<group>";
		};
		28D701C3203CA24700251408 /* Networking */ = {
			isa = PBXGroup;
			children = (
				28D701CA203CA79200251408 /* Services */,
				28D701C5203CA26A00251408 /* Router.swift */,
				28D701D3203CAAAD00251408 /* ErrorHandling.swift */,
				28D701D5203CB88400251408 /* NetworkRequest.swift */,
				28D701D7203CB89400251408 /* NetworkRequestImplementation.swift */,
			);
			path = Networking;
			sourceTree = "<group>";
		};
		28D701CA203CA79200251408 /* Services */ = {
			isa = PBXGroup;
			children = (
				28D701CB203CA7A800251408 /* LoginService.swift */,
				28D701CD203CA7B600251408 /* LoginServiceImplementation.swift */,
				28D701CF203CA7D000251408 /* RegistrationService.swift */,
				28D701D1203CA7DF00251408 /* RegistrationServiceImplementation.swift */,
				280D6866203E08B1000C1CCB /* ServiceAssembly.swift */,
			);
			path = Services;
			sourceTree = "<group>";
		};
		36816F4C2779677F5C278A35 /* Pods */ = {
			isa = PBXGroup;
			children = (
				2975620CAC8F2633A8C0BBCA /* Pods-SignUpExample.debug.xcconfig */,
				C9E5D4ADD2DEB982D0EE252D /* Pods-SignUpExample.release.xcconfig */,
			);
			name = Pods;
			sourceTree = "<group>";
		};
		FEABED84D5AF0CE354A738FF /* Frameworks */ = {
			isa = PBXGroup;
			children = (
				F473E292F665EAFA4FC730C6 /* Pods_SignUpExample.framework */,
			);
			name = Frameworks;
			sourceTree = "<group>";
		};
/* End PBXGroup section */

/* Begin PBXNativeTarget section */
		28C6E86720337F0600D762CB /* SignUpExample */ = {
			isa = PBXNativeTarget;
			buildConfigurationList = 28C6E87D20337F0600D762CB /* Build configuration list for PBXNativeTarget "SignUpExample" */;
			buildPhases = (
				9CC569BF4523E51E7916ABCC /* [CP] Check Pods Manifest.lock */,
				28C6E86420337F0600D762CB /* Sources */,
				28C6E86520337F0600D762CB /* Frameworks */,
				28C6E86620337F0600D762CB /* Resources */,
				1F74AC501BB7E5F724290BBE /* [CP] Embed Pods Frameworks */,
				504B5172AC45C6B082E37529 /* [CP] Copy Pods Resources */,
			);
			buildRules = (
			);
			dependencies = (
			);
			name = SignUpExample;
			productName = SignUpExample;
			productReference = 28C6E86820337F0600D762CB /* SignUpExample.app */;
			productType = "com.apple.product-type.application";
		};
/* End PBXNativeTarget section */

/* Begin PBXProject section */
		28C6E86020337F0600D762CB /* Project object */ = {
			isa = PBXProject;
			attributes = {
				LastSwiftUpdateCheck = 0920;
				LastUpgradeCheck = 0920;
				ORGANIZATIONNAME = "Kocharyan, Vahe";
				TargetAttributes = {
					28C6E86720337F0600D762CB = {
						CreatedOnToolsVersion = 9.2;
						ProvisioningStyle = Automatic;
					};
				};
			};
			buildConfigurationList = 28C6E86320337F0600D762CB /* Build configuration list for PBXProject "SignUpExample" */;
			compatibilityVersion = "Xcode 8.0";
			developmentRegion = en;
			hasScannedForEncodings = 0;
			knownRegions = (
				en,
				Base,
			);
			mainGroup = 28C6E85F20337F0600D762CB;
			productRefGroup = 28C6E86920337F0600D762CB /* Products */;
			projectDirPath = "";
			projectRoot = "";
			targets = (
				28C6E86720337F0600D762CB /* SignUpExample */,
			);
		};
/* End PBXProject section */

/* Begin PBXResourcesBuildPhase section */
		28C6E86620337F0600D762CB /* Resources */ = {
			isa = PBXResourcesBuildPhase;
			buildActionMask = 2147483647;
			files = (
				28C6E87920337F0600D762CB /* LaunchScreen.storyboard in Resources */,
				281262B0203C8D0500019EF9 /* WelcomeScreen.storyboard in Resources */,
				281262B9203C8DD800019EF9 /* RegistrationScreen.storyboard in Resources */,
				28C6E87620337F0600D762CB /* Assets.xcassets in Resources */,
				281262CE203C98EE00019EF9 /* SuccessScreen.storyboard in Resources */,
				281262B2203C8D3200019EF9 /* LoginScreen.storyboard in Resources */,
			);
			runOnlyForDeploymentPostprocessing = 0;
		};
/* End PBXResourcesBuildPhase section */

/* Begin PBXShellScriptBuildPhase section */
		1F74AC501BB7E5F724290BBE /* [CP] Embed Pods Frameworks */ = {
			isa = PBXShellScriptBuildPhase;
			buildActionMask = 2147483647;
			files = (
			);
			inputPaths = (
				"${SRCROOT}/Pods/Target Support Files/Pods-SignUpExample/Pods-SignUpExample-frameworks.sh",
				"${BUILT_PRODUCTS_DIR}/Alamofire/Alamofire.framework",
				"${BUILT_PRODUCTS_DIR}/Swinject/Swinject.framework",
				"${BUILT_PRODUCTS_DIR}/SwinjectStoryboard/SwinjectStoryboard.framework",
			);
			name = "[CP] Embed Pods Frameworks";
			outputPaths = (
				"${TARGET_BUILD_DIR}/${FRAMEWORKS_FOLDER_PATH}/Alamofire.framework",
				"${TARGET_BUILD_DIR}/${FRAMEWORKS_FOLDER_PATH}/Swinject.framework",
				"${TARGET_BUILD_DIR}/${FRAMEWORKS_FOLDER_PATH}/SwinjectStoryboard.framework",
			);
			runOnlyForDeploymentPostprocessing = 0;
			shellPath = /bin/sh;
			shellScript = "\"${SRCROOT}/Pods/Target Support Files/Pods-SignUpExample/Pods-SignUpExample-frameworks.sh\"\n";
			showEnvVarsInLog = 0;
		};
		504B5172AC45C6B082E37529 /* [CP] Copy Pods Resources */ = {
			isa = PBXShellScriptBuildPhase;
			buildActionMask = 2147483647;
			files = (
			);
			inputPaths = (
			);
			name = "[CP] Copy Pods Resources";
			outputPaths = (
			);
			runOnlyForDeploymentPostprocessing = 0;
			shellPath = /bin/sh;
			shellScript = "\"${SRCROOT}/Pods/Target Support Files/Pods-SignUpExample/Pods-SignUpExample-resources.sh\"\n";
			showEnvVarsInLog = 0;
		};
		9CC569BF4523E51E7916ABCC /* [CP] Check Pods Manifest.lock */ = {
			isa = PBXShellScriptBuildPhase;
			buildActionMask = 2147483647;
			files = (
			);
			inputPaths = (
				"${PODS_PODFILE_DIR_PATH}/Podfile.lock",
				"${PODS_ROOT}/Manifest.lock",
			);
			name = "[CP] Check Pods Manifest.lock";
			outputPaths = (
				"$(DERIVED_FILE_DIR)/Pods-SignUpExample-checkManifestLockResult.txt",
			);
			runOnlyForDeploymentPostprocessing = 0;
			shellPath = /bin/sh;
			shellScript = "diff \"${PODS_PODFILE_DIR_PATH}/Podfile.lock\" \"${PODS_ROOT}/Manifest.lock\" > /dev/null\nif [ $? != 0 ] ; then\n    # print error to STDERR\n    echo \"error: The sandbox is not in sync with the Podfile.lock. Run 'pod install' or update your CocoaPods installation.\" >&2\n    exit 1\nfi\n# This output is used by Xcode 'outputs' to avoid re-running this script phase.\necho \"SUCCESS\" > \"${SCRIPT_OUTPUT_FILE_0}\"\n";
			showEnvVarsInLog = 0;
		};
/* End PBXShellScriptBuildPhase section */

/* Begin PBXSourcesBuildPhase section */
		28C6E86420337F0600D762CB /* Sources */ = {
			isa = PBXSourcesBuildPhase;
			buildActionMask = 2147483647;
			files = (
				280D6859203DEDE8000C1CCB /* NavigationHandler.swift in Sources */,
				280D6856203DCC99000C1CCB /* LoginScreenRouterImplementation.swift in Sources */,
				280D6847203DC7E1000C1CCB /* WelcomeScreenPresenterImplementation.swift in Sources */,
				28D701CC203CA7A800251408 /* LoginService.swift in Sources */,
				280D6843203DC73B000C1CCB /* WelcomeScreenRouter.swift in Sources */,
				28B6A2BF203B3CF7004900E9 /* LoginView.swift in Sources */,
				281262BD203C912700019EF9 /* Storyboard.swift in Sources */,
				280D6861203E0184000C1CCB /* LoginScreenAssembly.swift in Sources */,
				281262C6203C957C00019EF9 /* CountryCredentialsViewController.swift in Sources */,
				28C6E86E20337F0600D762CB /* ViewController.swift in Sources */,
				281262C3203C94A200019EF9 /* UserCredentialsViewController.swift in Sources */,
				28D701D0203CA7D000251408 /* RegistrationService.swift in Sources */,
				28C6E86C20337F0600D762CB /* AppDelegate.swift in Sources */,
				28D701D6203CB88400251408 /* NetworkRequest.swift in Sources */,
				281262B7203C8DC200019EF9 /* RegistrationView.swift in Sources */,
				28D701D4203CAAAD00251408 /* ErrorHandling.swift in Sources */,
				280D6841203DC729000C1CCB /* WelcomeScreenPresenter.swift in Sources */,
				280D685E203DFC55000C1CCB /* WelcomeScreenViewInputProtocol.swift in Sources */,
				280D6852203DCC70000C1CCB /* LoginScreenPresenterImplementation.swift in Sources */,
				281262C0203C939200019EF9 /* InfoRegistrationViewController.swift in Sources */,
				280D685C203DFAD0000C1CCB /* WelcomeScreenAssembly.swift in Sources */,
				28D701C6203CA26A00251408 /* Router.swift in Sources */,
				280D6845203DC784000C1CCB /* WelcomeScreenRouterImplementation.swift in Sources */,
				28D701D2203CA7DF00251408 /* RegistrationServiceImplementation.swift in Sources */,
				28B6A2C8203B4897004900E9 /* API.swift in Sources */,
				28D701CE203CA7B600251408 /* LoginServiceImplementation.swift in Sources */,
				280D6865203E04D2000C1CCB /* LoginScreenViewProtocol.swift in Sources */,
				280D6867203E08B1000C1CCB /* ServiceAssembly.swift in Sources */,
				281262BB203C904E00019EF9 /* SwinjectStoryboard_Setup.swift in Sources */,
				28D701D8203CB89400251408 /* NetworkRequestImplementation.swift in Sources */,
				2838547C203C47DE00050A36 /* Defines.swift in Sources */,
				280D684C203DCC34000C1CCB /* LoginScreenInteractor.swift in Sources */,
				281262CA203C96BD00019EF9 /* SuccessViewController.swift in Sources */,
				280D684E203DCC4A000C1CCB /* LoginScreenInteractorImplementation.swift in Sources */,
				280D6850203DCC5E000C1CCB /* LoginScreenPresenter.swift in Sources */,
				28B6A2CB203B5022004900E9 /* User.swift in Sources */,
				280D6854203DCC88000C1CCB /* LoginScreenRouter.swift in Sources */,
			);
			runOnlyForDeploymentPostprocessing = 0;
		};
/* End PBXSourcesBuildPhase section */

/* Begin PBXVariantGroup section */
		28C6E87720337F0600D762CB /* LaunchScreen.storyboard */ = {
			isa = PBXVariantGroup;
			children = (
				28C6E87820337F0600D762CB /* Base */,
			);
			name = LaunchScreen.storyboard;
			sourceTree = "<group>";
		};
/* End PBXVariantGroup section */

/* Begin XCBuildConfiguration section */
		28C6E87B20337F0600D762CB /* Debug */ = {
			isa = XCBuildConfiguration;
			buildSettings = {
				ALWAYS_SEARCH_USER_PATHS = NO;
				CLANG_ANALYZER_NONNULL = YES;
				CLANG_ANALYZER_NUMBER_OBJECT_CONVERSION = YES_AGGRESSIVE;
				CLANG_CXX_LANGUAGE_STANDARD = "gnu++14";
				CLANG_CXX_LIBRARY = "libc++";
				CLANG_ENABLE_MODULES = YES;
				CLANG_ENABLE_OBJC_ARC = YES;
				CLANG_WARN_BLOCK_CAPTURE_AUTORELEASING = YES;
				CLANG_WARN_BOOL_CONVERSION = YES;
				CLANG_WARN_COMMA = YES;
				CLANG_WARN_CONSTANT_CONVERSION = YES;
				CLANG_WARN_DIRECT_OBJC_ISA_USAGE = YES_ERROR;
				CLANG_WARN_DOCUMENTATION_COMMENTS = YES;
				CLANG_WARN_EMPTY_BODY = YES;
				CLANG_WARN_ENUM_CONVERSION = YES;
				CLANG_WARN_INFINITE_RECURSION = YES;
				CLANG_WARN_INT_CONVERSION = YES;
				CLANG_WARN_NON_LITERAL_NULL_CONVERSION = YES;
				CLANG_WARN_OBJC_LITERAL_CONVERSION = YES;
				CLANG_WARN_OBJC_ROOT_CLASS = YES_ERROR;
				CLANG_WARN_RANGE_LOOP_ANALYSIS = YES;
				CLANG_WARN_STRICT_PROTOTYPES = YES;
				CLANG_WARN_SUSPICIOUS_MOVE = YES;
				CLANG_WARN_UNGUARDED_AVAILABILITY = YES_AGGRESSIVE;
				CLANG_WARN_UNREACHABLE_CODE = YES;
				CLANG_WARN__DUPLICATE_METHOD_MATCH = YES;
				CODE_SIGN_IDENTITY = "iPhone Developer";
				COPY_PHASE_STRIP = NO;
				DEBUG_INFORMATION_FORMAT = dwarf;
				ENABLE_STRICT_OBJC_MSGSEND = YES;
				ENABLE_TESTABILITY = YES;
				GCC_C_LANGUAGE_STANDARD = gnu11;
				GCC_DYNAMIC_NO_PIC = NO;
				GCC_NO_COMMON_BLOCKS = YES;
				GCC_OPTIMIZATION_LEVEL = 0;
				GCC_PREPROCESSOR_DEFINITIONS = (
					"DEBUG=1",
					"$(inherited)",
				);
				GCC_WARN_64_TO_32_BIT_CONVERSION = YES;
				GCC_WARN_ABOUT_RETURN_TYPE = YES_ERROR;
				GCC_WARN_UNDECLARED_SELECTOR = YES;
				GCC_WARN_UNINITIALIZED_AUTOS = YES_AGGRESSIVE;
				GCC_WARN_UNUSED_FUNCTION = YES;
				GCC_WARN_UNUSED_VARIABLE = YES;
				IPHONEOS_DEPLOYMENT_TARGET = 11.2;
				MTL_ENABLE_DEBUG_INFO = YES;
				ONLY_ACTIVE_ARCH = YES;
				SDKROOT = iphoneos;
				SWIFT_ACTIVE_COMPILATION_CONDITIONS = DEBUG;
				SWIFT_OPTIMIZATION_LEVEL = "-Onone";
			};
			name = Debug;
		};
		28C6E87C20337F0600D762CB /* Release */ = {
			isa = XCBuildConfiguration;
			buildSettings = {
				ALWAYS_SEARCH_USER_PATHS = NO;
				CLANG_ANALYZER_NONNULL = YES;
				CLANG_ANALYZER_NUMBER_OBJECT_CONVERSION = YES_AGGRESSIVE;
				CLANG_CXX_LANGUAGE_STANDARD = "gnu++14";
				CLANG_CXX_LIBRARY = "libc++";
				CLANG_ENABLE_MODULES = YES;
				CLANG_ENABLE_OBJC_ARC = YES;
				CLANG_WARN_BLOCK_CAPTURE_AUTORELEASING = YES;
				CLANG_WARN_BOOL_CONVERSION = YES;
				CLANG_WARN_COMMA = YES;
				CLANG_WARN_CONSTANT_CONVERSION = YES;
				CLANG_WARN_DIRECT_OBJC_ISA_USAGE = YES_ERROR;
				CLANG_WARN_DOCUMENTATION_COMMENTS = YES;
				CLANG_WARN_EMPTY_BODY = YES;
				CLANG_WARN_ENUM_CONVERSION = YES;
				CLANG_WARN_INFINITE_RECURSION = YES;
				CLANG_WARN_INT_CONVERSION = YES;
				CLANG_WARN_NON_LITERAL_NULL_CONVERSION = YES;
				CLANG_WARN_OBJC_LITERAL_CONVERSION = YES;
				CLANG_WARN_OBJC_ROOT_CLASS = YES_ERROR;
				CLANG_WARN_RANGE_LOOP_ANALYSIS = YES;
				CLANG_WARN_STRICT_PROTOTYPES = YES;
				CLANG_WARN_SUSPICIOUS_MOVE = YES;
				CLANG_WARN_UNGUARDED_AVAILABILITY = YES_AGGRESSIVE;
				CLANG_WARN_UNREACHABLE_CODE = YES;
				CLANG_WARN__DUPLICATE_METHOD_MATCH = YES;
				CODE_SIGN_IDENTITY = "iPhone Developer";
				COPY_PHASE_STRIP = NO;
				DEBUG_INFORMATION_FORMAT = "dwarf-with-dsym";
				ENABLE_NS_ASSERTIONS = NO;
				ENABLE_STRICT_OBJC_MSGSEND = YES;
				GCC_C_LANGUAGE_STANDARD = gnu11;
				GCC_NO_COMMON_BLOCKS = YES;
				GCC_WARN_64_TO_32_BIT_CONVERSION = YES;
				GCC_WARN_ABOUT_RETURN_TYPE = YES_ERROR;
				GCC_WARN_UNDECLARED_SELECTOR = YES;
				GCC_WARN_UNINITIALIZED_AUTOS = YES_AGGRESSIVE;
				GCC_WARN_UNUSED_FUNCTION = YES;
				GCC_WARN_UNUSED_VARIABLE = YES;
				IPHONEOS_DEPLOYMENT_TARGET = 11.2;
				MTL_ENABLE_DEBUG_INFO = NO;
				SDKROOT = iphoneos;
				SWIFT_OPTIMIZATION_LEVEL = "-Owholemodule";
				VALIDATE_PRODUCT = YES;
			};
			name = Release;
		};
		28C6E87E20337F0600D762CB /* Debug */ = {
			isa = XCBuildConfiguration;
			baseConfigurationReference = 2975620CAC8F2633A8C0BBCA /* Pods-SignUpExample.debug.xcconfig */;
			buildSettings = {
				ASSETCATALOG_COMPILER_APPICON_NAME = AppIcon;
				CODE_SIGN_STYLE = Automatic;
				DEVELOPMENT_TEAM = LNRHYUS583;
				INFOPLIST_FILE = SignUpExample/Info.plist;
				LD_RUNPATH_SEARCH_PATHS = "$(inherited) @executable_path/Frameworks";
				PRODUCT_BUNDLE_IDENTIFIER = com.testing.SignUpExample;
				PRODUCT_NAME = "$(TARGET_NAME)";
				SWIFT_VERSION = 4.0;
				TARGETED_DEVICE_FAMILY = "1,2";
			};
			name = Debug;
		};
		28C6E87F20337F0600D762CB /* Release */ = {
			isa = XCBuildConfiguration;
			baseConfigurationReference = C9E5D4ADD2DEB982D0EE252D /* Pods-SignUpExample.release.xcconfig */;
			buildSettings = {
				ASSETCATALOG_COMPILER_APPICON_NAME = AppIcon;
				CODE_SIGN_STYLE = Automatic;
				DEVELOPMENT_TEAM = LNRHYUS583;
				INFOPLIST_FILE = SignUpExample/Info.plist;
				LD_RUNPATH_SEARCH_PATHS = "$(inherited) @executable_path/Frameworks";
				PRODUCT_BUNDLE_IDENTIFIER = com.testing.SignUpExample;
				PRODUCT_NAME = "$(TARGET_NAME)";
				SWIFT_VERSION = 4.0;
				TARGETED_DEVICE_FAMILY = "1,2";
			};
			name = Release;
		};
/* End XCBuildConfiguration section */

/* Begin XCConfigurationList section */
		28C6E86320337F0600D762CB /* Build configuration list for PBXProject "SignUpExample" */ = {
			isa = XCConfigurationList;
			buildConfigurations = (
				28C6E87B20337F0600D762CB /* Debug */,
				28C6E87C20337F0600D762CB /* Release */,
			);
			defaultConfigurationIsVisible = 0;
			defaultConfigurationName = Release;
		};
		28C6E87D20337F0600D762CB /* Build configuration list for PBXNativeTarget "SignUpExample" */ = {
			isa = XCConfigurationList;
			buildConfigurations = (
				28C6E87E20337F0600D762CB /* Debug */,
				28C6E87F20337F0600D762CB /* Release */,
			);
			defaultConfigurationIsVisible = 0;
			defaultConfigurationName = Release;
		};
/* End XCConfigurationList section */
	};
	rootObject = 28C6E86020337F0600D762CB /* Project object */;
}
