PODS:
  - Alamofire (4.7.2)
  - CRNotifications (1.1.5)
  - Swinject (2.4.1)
  - SwinjectStoryboard (2.0.1):
    - Swinject (~> 2.4)

DEPENDENCIES:
  - Alamofire (~> 4.7)
  - CRNotifications
  - Swinject
  - SwinjectStoryboard

SPEC REPOS:
  https://github.com/cocoapods/specs.git:
    - Alamofire
    - CRNotifications
    - Swinject
    - SwinjectStoryboard

SPEC CHECKSUMS:
  Alamofire: e4fa87002c137ba2d8d634d2c51fabcda0d5c223
  CRNotifications: 38bd824eea18b77d818e7a317253d2b475f6a241
  Swinject: f7f15a9672e99328c1f07f277091087917215700
  SwinjectStoryboard: ad2529218a1504cc888040ee56c13d7cb1cc7998

PODFILE CHECKSUM: 68bab5b794001e9d2af4aaab684c191781dc11eb

COCOAPODS: 1.5.3
